
Microsoft Visual Studio Solution File, Format Version 12.00
# Visual Studio Version 17
VisualStudioVersion = 17.14.36511.14
MinimumVisualStudioVersion = 10.0.40219.1
Project("{2150E333-8FDC-42A3-9474-1A3956D46DE8}") = "Task0", "Task0", "{02EA681E-C7D8-13C7-8484-4AC65E1B71E8}"
EndProject
Project("{FAE04EC0-301F-11D3-BF4B-00C04F79EFBC}") = "Tyuiu.AytuvorovTK.Sprint3.Task0.V29", "Tyuiu.AytuvorovTK.Sprint3.Task0.V29\Tyuiu.AytuvorovTK.Sprint3.Task0.V29.csproj", "{6A2055C6-F558-4676-8031-73C698CB4C9D}"
EndProject
Project("{FAE04EC0-301F-11D3-BF4B-00C04F79EFBC}") = "Tyuiu.AytuvorovTK.Sprint3.Task0.V29.Lib", "Tyuiu.AytuvorovTK.Sprint3.Task0.V29.Lib\Tyuiu.AytuvorovTK.Sprint3.Task0.V29.Lib.csproj", "{8ABA7EA2-BDAF-4344-848C-E01BFB033059}"
EndProject
Project("{FAE04EC0-301F-11D3-BF4B-00C04F79EFBC}") = "Tyuiu.AytuvorovTK.Sprint3.Task0.V29.Test", "Tyuiu.AytuvorovTK.Sprint3.Task0.V29.Test\Tyuiu.AytuvorovTK.Sprint3.Task0.V29.Test.csproj", "{618AB48E-59B7-45F6-A7E2-603226B3FB1B}"
EndProject
Project("{2150E333-8FDC-42A3-9474-1A3956D46DE8}") = "Task1", "Task1", "{2D794CA3-A4DE-4194-B829-E28DBEF29CAC}"
EndProject
Project("{FAE04EC0-301F-11D3-BF4B-00C04F79EFBC}") = "Tyuiu.AytuvorovTK.Sprint3.Task1.V17", "Tyuiu.AytuvorovTK.Sprint3.Task1.V17\Tyuiu.AytuvorovTK.Sprint3.Task1.V17.csproj", "{37646C27-DB61-48BB-86B6-C52F692BE9F6}"
EndProject
Project("{FAE04EC0-301F-11D3-BF4B-00C04F79EFBC}") = "Tyuiu.AytuvorovTK.Sprint3.Task1.V17.Lib", "Tyuiu.AytuvorovTK.Sprint3.Task1.V17.Lib\Tyuiu.AytuvorovTK.Sprint3.Task1.V17.Lib.csproj", "{A50C8769-669D-44C1-9738-5CBA6D709105}"
EndProject
Project("{FAE04EC0-301F-11D3-BF4B-00C04F79EFBC}") = "Tyuiu.AytuvorovTK.Sprint3.Task1.V17.Test", "Tyuiu.AytuvorovTK.Sprint3.Task1.V17.Test\Tyuiu.AytuvorovTK.Sprint3.Task1.V17.Test.csproj", "{82716628-B3B1-4453-94D8-A705A753C672}"
EndProject
Project("{2150E333-8FDC-42A3-9474-1A3956D46DE8}") = "Task2", "Task2", "{C8E296C5-0FC2-4F1D-A786-9AC517EB14BB}"
EndProject
Project("{FAE04EC0-301F-11D3-BF4B-00C04F79EFBC}") = "Tyuiu.AytuvorovTK.Sprint3.Task2.V15", "Tyuiu.AytuvorovTK.Sprint3.Task2.V15\Tyuiu.AytuvorovTK.Sprint3.Task2.V15.csproj", "{9FF29F10-CE5D-44EE-BEB5-876401FFC9C4}"
EndProject
Project("{FAE04EC0-301F-11D3-BF4B-00C04F79EFBC}") = "Tyuiu.AytuvorovTK.Sprint3.Task2.V15.Lib", "Tyuiu.AytuvorovTK.Sprint3.Task2.V15.Lib\Tyuiu.AytuvorovTK.Sprint3.Task2.V15.Lib.csproj", "{6DCC5FA6-5E75-4BB8-A94E-8640DA847602}"
EndProject
Project("{FAE04EC0-301F-11D3-BF4B-00C04F79EFBC}") = "Tyuiu.AytuvorovTK.Sprint3.Task2.V15.Test", "Tyuiu.AytuvorovTK.Sprint3.Task2.V15.Test\Tyuiu.AytuvorovTK.Sprint3.Task2.V15.Test.csproj", "{9CBD242A-6FAF-4A8B-8DE0-C097FC65810B}"
EndProject
Project("{2150E333-8FDC-42A3-9474-1A3956D46DE8}") = "Task3", "Task3", "{66A8EA30-4156-4470-9CB9-3AB2CD1F7C59}"
EndProject
Project("{FAE04EC0-301F-11D3-BF4B-00C04F79EFBC}") = "Tyuiu.AytuvorovTK.Sprint3.Task3.V23", "Tyuiu.AytuvorovTK.Sprint3.Task3.V23\Tyuiu.AytuvorovTK.Sprint3.Task3.V23.csproj", "{9F2A00A2-0804-4BB8-BAFE-1F6CC1125EFA}"
EndProject
Project("{FAE04EC0-301F-11D3-BF4B-00C04F79EFBC}") = "Tyuiu.AytuvorovTK.Sprint3.Task3.V23.Lib", "Tyuiu.AytuvorovTK.Sprint3.Task3.V23.Lib\Tyuiu.AytuvorovTK.Sprint3.Task3.V23.Lib.csproj", "{385C27ED-22B5-4329-BE4F-8E2C725F4E0B}"
EndProject
Project("{FAE04EC0-301F-11D3-BF4B-00C04F79EFBC}") = "Tyuiu.AytuvorovTK.Sprint3.Task3.V23.Test", "Tyuiu.AytuvorovTK.Sprint3.Task3.V23.Test\Tyuiu.AytuvorovTK.Sprint3.Task3.V23.Test.csproj", "{F4E8D25E-EBCC-4801-BF40-0CBD267ADE0A}"
EndProject
Project("{2150E333-8FDC-42A3-9474-1A3956D46DE8}") = "Task4", "Task4", "{667FCE81-56E6-4F10-A902-8C0F5DC2D8B0}"
EndProject
Project("{FAE04EC0-301F-11D3-BF4B-00C04F79EFBC}") = "Tyuiu.AytuvorovTK.Sprint3.Task4.V18", "Tyuiu.AytuvorovTK.Sprint3.Task4.V18\Tyuiu.AytuvorovTK.Sprint3.Task4.V18.csproj", "{A54BDDB7-C90B-47B9-B01F-6E895A2D1EDF}"
EndProject
Project("{FAE04EC0-301F-11D3-BF4B-00C04F79EFBC}") = "Tyuiu.AytuvorovTK.Sprint3.Task4.V18.Lib", "Tyuiu.AytuvorovTK.Sprint3.Task4.V18.Lib\Tyuiu.AytuvorovTK.Sprint3.Task4.V18.Lib.csproj", "{C68D5FDF-E405-40B8-BB54-24A2086A3975}"
EndProject
Project("{FAE04EC0-301F-11D3-BF4B-00C04F79EFBC}") = "Tyuiu.AytuvorovTK.Sprint3.Task4.V18.Test", "Tyuiu.AytuvorovTK.Sprint3.Task4.V18.Test\Tyuiu.AytuvorovTK.Sprint3.Task4.V18.Test.csproj", "{916422A3-7E4C-44B8-A195-41A7281BF353}"
EndProject
Global
	GlobalSection(SolutionConfigurationPlatforms) = preSolution
		Debug|Any CPU = Debug|Any CPU
		Release|Any CPU = Release|Any CPU
	EndGlobalSection
	GlobalSection(ProjectConfigurationPlatforms) = postSolution
		{6A2055C6-F558-4676-8031-73C698CB4C9D}.Debug|Any CPU.ActiveCfg = Debug|Any CPU
		{6A2055C6-F558-4676-8031-73C698CB4C9D}.Debug|Any CPU.Build.0 = Debug|Any CPU
		{6A2055C6-F558-4676-8031-73C698CB4C9D}.Release|Any CPU.ActiveCfg = Release|Any CPU
		{6A2055C6-F558-4676-8031-73C698CB4C9D}.Release|Any CPU.Build.0 = Release|Any CPU
		{8ABA7EA2-BDAF-4344-848C-E01BFB033059}.Debug|Any CPU.ActiveCfg = Debug|Any CPU
		{8ABA7EA2-BDAF-4344-848C-E01BFB033059}.Debug|Any CPU.Build.0 = Debug|Any CPU
		{8ABA7EA2-BDAF-4344-848C-E01BFB033059}.Release|Any CPU.ActiveCfg = Release|Any CPU
		{8ABA7EA2-BDAF-4344-848C-E01BFB033059}.Release|Any CPU.Build.0 = Release|Any CPU
		{618AB48E-59B7-45F6-A7E2-603226B3FB1B}.Debug|Any CPU.ActiveCfg = Debug|Any CPU
		{618AB48E-59B7-45F6-A7E2-603226B3FB1B}.Debug|Any CPU.Build.0 = Debug|Any CPU
		{618AB48E-59B7-45F6-A7E2-603226B3FB1B}.Release|Any CPU.ActiveCfg = Release|Any CPU
		{618AB48E-59B7-45F6-A7E2-603226B3FB1B}.Release|Any CPU.Build.0 = Release|Any CPU
		{37646C27-DB61-48BB-86B6-C52F692BE9F6}.Debug|Any CPU.ActiveCfg = Debug|Any CPU
		{37646C27-DB61-48BB-86B6-C52F692BE9F6}.Debug|Any CPU.Build.0 = Debug|Any CPU
		{37646C27-DB61-48BB-86B6-C52F692BE9F6}.Release|Any CPU.ActiveCfg = Release|Any CPU
		{37646C27-DB61-48BB-86B6-C52F692BE9F6}.Release|Any CPU.Build.0 = Release|Any CPU
		{A50C8769-669D-44C1-9738-5CBA6D709105}.Debug|Any CPU.ActiveCfg = Debug|Any CPU
		{A50C8769-669D-44C1-9738-5CBA6D709105}.Debug|Any CPU.Build.0 = Debug|Any CPU
		{A50C8769-669D-44C1-9738-5CBA6D709105}.Release|Any CPU.ActiveCfg = Release|Any CPU
		{A50C8769-669D-44C1-9738-5CBA6D709105}.Release|Any CPU.Build.0 = Release|Any CPU
		{82716628-B3B1-4453-94D8-A705A753C672}.Debug|Any CPU.ActiveCfg = Debug|Any CPU
		{82716628-B3B1-4453-94D8-A705A753C672}.Debug|Any CPU.Build.0 = Debug|Any CPU
		{82716628-B3B1-4453-94D8-A705A753C672}.Release|Any CPU.ActiveCfg = Release|Any CPU
		{82716628-B3B1-4453-94D8-A705A753C672}.Release|Any CPU.Build.0 = Release|Any CPU
		{9FF29F10-CE5D-44EE-BEB5-876401FFC9C4}.Debug|Any CPU.ActiveCfg = Debug|Any CPU
		{9FF29F10-CE5D-44EE-BEB5-876401FFC9C4}.Debug|Any CPU.Build.0 = Debug|Any CPU
		{9FF29F10-CE5D-44EE-BEB5-876401FFC9C4}.Release|Any CPU.ActiveCfg = Release|Any CPU
		{9FF29F10-CE5D-44EE-BEB5-876401FFC9C4}.Release|Any CPU.Build.0 = Release|Any CPU
		{6DCC5FA6-5E75-4BB8-A94E-8640DA847602}.Debug|Any CPU.ActiveCfg = Debug|Any CPU
		{6DCC5FA6-5E75-4BB8-A94E-8640DA847602}.Debug|Any CPU.Build.0 = Debug|Any CPU
		{6DCC5FA6-5E75-4BB8-A94E-8640DA847602}.Release|Any CPU.ActiveCfg = Release|Any CPU
		{6DCC5FA6-5E75-4BB8-A94E-8640DA847602}.Release|Any CPU.Build.0 = Release|Any CPU
		{9CBD242A-6FAF-4A8B-8DE0-C097FC65810B}.Debug|Any CPU.ActiveCfg = Debug|Any CPU
		{9CBD242A-6FAF-4A8B-8DE0-C097FC65810B}.Debug|Any CPU.Build.0 = Debug|Any CPU
		{9CBD242A-6FAF-4A8B-8DE0-C097FC65810B}.Release|Any CPU.ActiveCfg = Release|Any CPU
		{9CBD242A-6FAF-4A8B-8DE0-C097FC65810B}.Release|Any CPU.Build.0 = Release|Any CPU
		{9F2A00A2-0804-4BB8-BAFE-1F6CC1125EFA}.Debug|Any CPU.ActiveCfg = Debug|Any CPU
		{9F2A00A2-0804-4BB8-BAFE-1F6CC1125EFA}.Debug|Any CPU.Build.0 = Debug|Any CPU
		{9F2A00A2-0804-4BB8-BAFE-1F6CC1125EFA}.Release|Any CPU.ActiveCfg = Release|Any CPU
		{9F2A00A2-0804-4BB8-BAFE-1F6CC1125EFA}.Release|Any CPU.Build.0 = Release|Any CPU
		{385C27ED-22B5-4329-BE4F-8E2C725F4E0B}.Debug|Any CPU.ActiveCfg = Debug|Any CPU
		{385C27ED-22B5-4329-BE4F-8E2C725F4E0B}.Debug|Any CPU.Build.0 = Debug|Any CPU
		{385C27ED-22B5-4329-BE4F-8E2C725F4E0B}.Release|Any CPU.ActiveCfg = Release|Any CPU
		{385C27ED-22B5-4329-BE4F-8E2C725F4E0B}.Release|Any CPU.Build.0 = Release|Any CPU
		{F4E8D25E-EBCC-4801-BF40-0CBD267ADE0A}.Debug|Any CPU.ActiveCfg = Debug|Any CPU
		{F4E8D25E-EBCC-4801-BF40-0CBD267ADE0A}.Debug|Any CPU.Build.0 = Debug|Any CPU
		{F4E8D25E-EBCC-4801-BF40-0CBD267ADE0A}.Release|Any CPU.ActiveCfg = Release|Any CPU
		{F4E8D25E-EBCC-4801-BF40-0CBD267ADE0A}.Release|Any CPU.Build.0 = Release|Any CPU
		{A54BDDB7-C90B-47B9-B01F-6E895A2D1EDF}.Debug|Any CPU.ActiveCfg = Debug|Any CPU
		{A54BDDB7-C90B-47B9-B01F-6E895A2D1EDF}.Debug|Any CPU.Build.0 = Debug|Any CPU
		{A54BDDB7-C90B-47B9-B01F-6E895A2D1EDF}.Release|Any CPU.ActiveCfg = Release|Any CPU
		{A54BDDB7-C90B-47B9-B01F-6E895A2D1EDF}.Release|Any CPU.Build.0 = Release|Any CPU
		{C68D5FDF-E405-40B8-BB54-24A2086A3975}.Debug|Any CPU.ActiveCfg = Debug|Any CPU
		{C68D5FDF-E405-40B8-BB54-24A2086A3975}.Debug|Any CPU.Build.0 = Debug|Any CPU
		{C68D5FDF-E405-40B8-BB54-24A2086A3975}.Release|Any CPU.ActiveCfg = Release|Any CPU
		{C68D5FDF-E405-40B8-BB54-24A2086A3975}.Release|Any CPU.Build.0 = Release|Any CPU
		{916422A3-7E4C-44B8-A195-41A7281BF353}.Debug|Any CPU.ActiveCfg = Debug|Any CPU
		{916422A3-7E4C-44B8-A195-41A7281BF353}.Debug|Any CPU.Build.0 = Debug|Any CPU
		{916422A3-7E4C-44B8-A195-41A7281BF353}.Release|Any CPU.ActiveCfg = Release|Any CPU
		{916422A3-7E4C-44B8-A195-41A7281BF353}.Release|Any CPU.Build.0 = Release|Any CPU
	EndGlobalSection
	GlobalSection(SolutionProperties) = preSolution
		HideSolutionNode = FALSE
	EndGlobalSection
	GlobalSection(NestedProjects) = preSolution
		{6A2055C6-F558-4676-8031-73C698CB4C9D} = {02EA681E-C7D8-13C7-8484-4AC65E1B71E8}
		{8ABA7EA2-BDAF-4344-848C-E01BFB033059} = {02EA681E-C7D8-13C7-8484-4AC65E1B71E8}
		{618AB48E-59B7-45F6-A7E2-603226B3FB1B} = {02EA681E-C7D8-13C7-8484-4AC65E1B71E8}
		{37646C27-DB61-48BB-86B6-C52F692BE9F6} = {2D794CA3-A4DE-4194-B829-E28DBEF29CAC}
		{A50C8769-669D-44C1-9738-5CBA6D709105} = {2D794CA3-A4DE-4194-B829-E28DBEF29CAC}
		{82716628-B3B1-4453-94D8-A705A753C672} = {2D794CA3-A4DE-4194-B829-E28DBEF29CAC}
		{9FF29F10-CE5D-44EE-BEB5-876401FFC9C4} = {C8E296C5-0FC2-4F1D-A786-9AC517EB14BB}
		{6DCC5FA6-5E75-4BB8-A94E-8640DA847602} = {C8E296C5-0FC2-4F1D-A786-9AC517EB14BB}
		{9CBD242A-6FAF-4A8B-8DE0-C097FC65810B} = {C8E296C5-0FC2-4F1D-A786-9AC517EB14BB}
		{9F2A00A2-0804-4BB8-BAFE-1F6CC1125EFA} = {66A8EA30-4156-4470-9CB9-3AB2CD1F7C59}
		{385C27ED-22B5-4329-BE4F-8E2C725F4E0B} = {66A8EA30-4156-4470-9CB9-3AB2CD1F7C59}
		{F4E8D25E-EBCC-4801-BF40-0CBD267ADE0A} = {66A8EA30-4156-4470-9CB9-3AB2CD1F7C59}
		{A54BDDB7-C90B-47B9-B01F-6E895A2D1EDF} = {667FCE81-56E6-4F10-A902-8C0F5DC2D8B0}
		{C68D5FDF-E405-40B8-BB54-24A2086A3975} = {667FCE81-56E6-4F10-A902-8C0F5DC2D8B0}
		{916422A3-7E4C-44B8-A195-41A7281BF353} = {667FCE81-56E6-4F10-A902-8C0F5DC2D8B0}
	EndGlobalSection
	GlobalSection(ExtensibilityGlobals) = postSolution
		SolutionGuid = {165E3E5F-A9CC-4213-ADA0-03967C9CF1E8}
	EndGlobalSection
EndGlobal
